{
  "name": "@kube-diagnostics/rum-client",
  "version": "0.1.0",
  "lockfileVersion": 3,
  "requires": true,
  "packages": {
    "": {
      "name": "@kube-diagnostics/rum-client",
      "version": "0.1.0",
      "license": "Apache-2.0",
      "devDependencies": {
        "typescript": "^5.6.0",
        "web-vitals": "^6.0.0"
      },
      "peerDependencies": {
        "web-vitals": "^4.0.0 || ^5.0.0 || ^6.0.0"
      }
    },
    "node_modules/typescript": {
      "version": "5.9.3",
      "resolved": "https://registry.npmjs.org/typescript/-/typescript-5.9.3.tgz",
      "integrity": "sha512-jl1vZzPDinLr9eUt3J/t7V6FgNEw9QjvBPdysz9KfQDD41fQrC2Y4vKQdiaUpFT4bXlb1RHhLpp8wtm6M5TgSw==",
      "dev": true,
      "license": "Apache-2.0",
      "bin": {
        "tsc": "bin/tsc",
        "tsserver": "bin/tsserver"
      },
      "engines": {
        "node": ">=14.17"
      }
    },
    "node_modules/web-vitals": {
      "version": "6.2.2",
      "resolved": "https://registry.npmjs.org/web-vitals/-/web-vitals-6.2.2.tgz",
      "integrity": "sha512-oto5x6dLEgrRqfcWed+pZEUb2q6ikbFmqF54CRDhI/QGbn+qxC49b4C4OkbH+kb9C3a8shpFD3SgR9kRcs80ZQ==",
      "dev": true,
      "license": "Apache-2.0"
    }
  }
}
